// !$*UTF8*$!
{
	archiveVersion = 1;
	classes = {
	};
	objectVersion = 46;
	objects = {

/* Begin PBXBuildFile section */
		1AFB86AC13A07719A9A9DFC6 /* libPods-SimpleTODOUITests.a in Frameworks */ = {isa = PBXBuildFile; fileRef = F02554FCC159DE931B3D6E30 /* libPods-SimpleTODOUITests.a */; };
		31843F805AA9B7DCE6E015A9 /* libPods-SimpleTODO.a in Frameworks */ = {isa = PBXBuildFile; fileRef = 046BE8533F00A5E730E5793E /* libPods-SimpleTODO.a */; };
		A202ED281D59160B005D2E78 /* PhotoCollectionViewController.swift in Sources */ = {isa = PBXBuildFile; fileRef = A202ED271D59160B005D2E78 /* PhotoCollectionViewController.swift */; };
		A276A3F21D49081E00CFB731 /* sidemenu.png in Resources */ = {isa = PBXBuildFile; fileRef = A276A3F11D49081E00CFB731 /* sidemenu.png */; };
		A276A3FA1D49187700CFB731 /* SWRevealViewController.m in Sources */ = {isa = PBXBuildFile; fileRef = A276A3F91D49187700CFB731 /* SWRevealViewController.m */; };
		A276A4001D49680600CFB731 /* PhotoViewController.swift in Sources */ = {isa = PBXBuildFile; fileRef = A276A3FF1D49680600CFB731 /* PhotoViewController.swift */; };
		A292B8EF1D724F1000DF4CF7 /* MapViewController.m in Sources */ = {isa = PBXBuildFile; fileRef = A292B8EE1D724F1000DF4CF7 /* MapViewController.m */; };
		A292B8F11D725D6B00DF4CF7 /* CoreLocation.framework in Frameworks */ = {isa = PBXBuildFile; fileRef = A292B8F01D725D6B00DF4CF7 /* CoreLocation.framework */; };
		A292B8F31D725F3700DF4CF7 /* MapKit.framework in Frameworks */ = {isa = PBXBuildFile; fileRef = A292B8F21D725F3700DF4CF7 /* MapKit.framework */; };
		A2B6E80D1D4131280055BB05 /* LoginTests.m in Sources */ = {isa = PBXBuildFile; fileRef = A2B6E80C1D4131280055BB05 /* LoginTests.m */; };
		A2B6E8101D42E4680055BB05 /* DetailsViewController.m in Sources */ = {isa = PBXBuildFile; fileRef = A2B6E80F1D42E4680055BB05 /* DetailsViewController.m */; };
		A2E7C9171D1C301500424FEC /* 1.png in Resources */ = {isa = PBXBuildFile; fileRef = A2E7C9161D1C301500424FEC /* 1.png */; };
		A2E7C9191D1C5C6200424FEC /* GoogleService-Info.plist in Resources */ = {isa = PBXBuildFile; fileRef = A2E7C9181D1C5C6200424FEC /* GoogleService-Info.plist */; };
		A2E92EAE1D1AD84600934BEA /* Main.storyboard in Resources */ = {isa = PBXBuildFile; fileRef = A2E92EAD1D1AD84600934BEA /* Main.storyboard */; };
		A2E976551D47A6B60011CE04 /* share icon.png in Resources */ = {isa = PBXBuildFile; fileRef = A2E976541D47A6B60011CE04 /* share icon.png */; };
		A2EA2A9E1D4A4AD7008A2A4E /* MenuViewController.m in Sources */ = {isa = PBXBuildFile; fileRef = A2EA2A9D1D4A4AD7008A2A4E /* MenuViewController.m */; };
		A2EA2AA01D4AA214008A2A4E /* FullPhotoViewController.swift in Sources */ = {isa = PBXBuildFile; fileRef = A2EA2A9F1D4AA214008A2A4E /* FullPhotoViewController.swift */; };
		A2EA2AA21D4AAD4E008A2A4E /* Photos.framework in Frameworks */ = {isa = PBXBuildFile; fileRef = A2EA2AA11D4AAD4E008A2A4E /* Photos.framework */; };
		A2EA2AA41D4ABED1008A2A4E /* PhotoCollectionViewCell.swift in Sources */ = {isa = PBXBuildFile; fileRef = A2EA2AA31D4ABED1008A2A4E /* PhotoCollectionViewCell.swift */; };
		A2EAEE841D187389009ED2C5 /* LoginViewController.m in Sources */ = {isa = PBXBuildFile; fileRef = A2EAEE831D187389009ED2C5 /* LoginViewController.m */; };
		A2EAEE871D1888B4009ED2C5 /* SignUPViewController.m in Sources */ = {isa = PBXBuildFile; fileRef = A2EAEE861D1888B4009ED2C5 /* SignUPViewController.m */; };
		A2EC3F6A1D7468FF00E57C6D /* ShowAddressViewController.m in Sources */ = {isa = PBXBuildFile; fileRef = A2EC3F691D7468FF00E57C6D /* ShowAddressViewController.m */; };
		A2EC3F6D1D74E06A00E57C6D /* ShowFullAddressViewController.m in Sources */ = {isa = PBXBuildFile; fileRef = A2EC3F6C1D74E06A00E57C6D /* ShowFullAddressViewController.m */; };
		A2F38F321D314558009B2241 /* Checkbox_not_checked.png in Resources */ = {isa = PBXBuildFile; fileRef = A2F38F311D314558009B2241 /* Checkbox_not_checked.png */; };
		A2F38F341D314562009B2241 /* checkbox_checked.png in Resources */ = {isa = PBXBuildFile; fileRef = A2F38F331D314562009B2241 /* checkbox_checked.png */; };
		A2F3D6641D26F82100BBD744 /* TodoOnlineLogo.png in Resources */ = {isa = PBXBuildFile; fileRef = A2F3D6631D26F82100BBD744 /* TodoOnlineLogo.png */; };
		A2F3D66B1D27058100BBD744 /* Icon-App-29x29@2x.png in Resources */ = {isa = PBXBuildFile; fileRef = A2F3D6651D27058100BBD744 /* Icon-App-29x29@2x.png */; };
		A2F3D66C1D27058100BBD744 /* Icon-App-29x29@3x.png in Resources */ = {isa = PBXBuildFile; fileRef = A2F3D6661D27058100BBD744 /* Icon-App-29x29@3x.png */; };
		A2F3D66D1D27058100BBD744 /* Icon-App-40x40@2x.png in Resources */ = {isa = PBXBuildFile; fileRef = A2F3D6671D27058100BBD744 /* Icon-App-40x40@2x.png */; };
		A2F3D66E1D27058100BBD744 /* Icon-App-40x40@3x.png in Resources */ = {isa = PBXBuildFile; fileRef = A2F3D6681D27058100BBD744 /* Icon-App-40x40@3x.png */; };
		A2F3D6701D27058100BBD744 /* Icon-App-60x60@3x.png in Resources */ = {isa = PBXBuildFile; fileRef = A2F3D66A1D27058100BBD744 /* Icon-App-60x60@3x.png */; };
		B07A76FA1D15B4A00097C1C2 /* CustomTokenViewController.m in Sources */ = {isa = PBXBuildFile; fileRef = B07A76F71D15B4A00097C1C2 /* CustomTokenViewController.m */; };
		B07A76FB1D15B4A00097C1C2 /* EmailViewController.m in Sources */ = {isa = PBXBuildFile; fileRef = B07A76F91D15B4A00097C1C2 /* EmailViewController.m */; };
		B07A76FE1D15B55E0097C1C2 /* UIViewController+Alerts.m in Sources */ = {isa = PBXBuildFile; fileRef = B07A76FD1D15B55E0097C1C2 /* UIViewController+Alerts.m */; };
		B0E369D21D15A9D700AD96F6 /* main.m in Sources */ = {isa = PBXBuildFile; fileRef = B0E369D11D15A9D700AD96F6 /* main.m */; };
		B0E369D51D15A9D700AD96F6 /* AppDelegate.m in Sources */ = {isa = PBXBuildFile; fileRef = B0E369D41D15A9D700AD96F6 /* AppDelegate.m */; };
		B0E369D81D15A9D700AD96F6 /* ViewController.m in Sources */ = {isa = PBXBuildFile; fileRef = B0E369D71D15A9D700AD96F6 /* ViewController.m */; };
		B0E369DE1D15A9D700AD96F6 /* SimpleTODO.xcdatamodeld in Sources */ = {isa = PBXBuildFile; fileRef = B0E369DC1D15A9D700AD96F6 /* SimpleTODO.xcdatamodeld */; };
		B0E369E01D15A9D700AD96F6 /* Assets.xcassets in Resources */ = {isa = PBXBuildFile; fileRef = B0E369DF1D15A9D700AD96F6 /* Assets.xcassets */; };
		B0E369E31D15A9D700AD96F6 /* LaunchScreen.storyboard in Resources */ = {isa = PBXBuildFile; fileRef = B0E369E11D15A9D700AD96F6 /* LaunchScreen.storyboard */; };
		B0E369EE1D15A9D700AD96F6 /* SimpleTODOTests.m in Sources */ = {isa = PBXBuildFile; fileRef = B0E369ED1D15A9D700AD96F6 /* SimpleTODOTests.m */; };
		B0E369F91D15A9D700AD96F6 /* SimpleTODOUITests.m in Sources */ = {isa = PBXBuildFile; fileRef = B0E369F81D15A9D700AD96F6 /* SimpleTODOUITests.m */; };
		D55914AC5A010E4FCCC310FC /* libPods-SimpleTODOTests.a in Frameworks */ = {isa = PBXBuildFile; fileRef = B52701E30AB2063553565D96 /* libPods-SimpleTODOTests.a */; };
/* End PBXBuildFile section */

/* Begin PBXContainerItemProxy section */
		B0E369EA1D15A9D700AD96F6 /* PBXContainerItemProxy */ = {
			isa = PBXContainerItemProxy;
			containerPortal = B0E369C51D15A9D700AD96F6 /* Project object */;
			proxyType = 1;
			remoteGlobalIDString = B0E369CC1D15A9D700AD96F6;
			remoteInfo = SimpleTODO;
		};
		B0E369F51D15A9D700AD96F6 /* PBXContainerItemProxy */ = {
			isa = PBXContainerItemProxy;
			containerPortal = B0E369C51D15A9D700AD96F6 /* Project object */;
			proxyType = 1;
			remoteGlobalIDString = B0E369CC1D15A9D700AD96F6;
			remoteInfo = SimpleTODO;
		};
/* End PBXContainerItemProxy section */

/* Begin PBXFileReference section */
		046BE8533F00A5E730E5793E /* libPods-SimpleTODO.a */ = {isa = PBXFileReference; explicitFileType = archive.ar; includeInIndex = 0; path = "libPods-SimpleTODO.a"; sourceTree = BUILT_PRODUCTS_DIR; };
		563E9608B472C30F52846865 /* Pods-SimpleTODOTests.release.xcconfig */ = {isa = PBXFileReference; includeInIndex = 1; lastKnownFileType = text.xcconfig; name = "Pods-SimpleTODOTests.release.xcconfig"; path = "Pods/Target Support Files/Pods-SimpleTODOTests/Pods-SimpleTODOTests.release.xcconfig"; sourceTree = "<group>"; };
		8D1A962D3B3F093BD928D7E2 /* Pods-SimpleTODOUITests.release.xcconfig */ = {isa = PBXFileReference; includeInIndex = 1; lastKnownFileType = text.xcconfig; name = "Pods-SimpleTODOUITests.release.xcconfig"; path = "Pods/Target Support Files/Pods-SimpleTODOUITests/Pods-SimpleTODOUITests.release.xcconfig"; sourceTree = "<group>"; };
		A202ED271D59160B005D2E78 /* PhotoCollectionViewController.swift */ = {isa = PBXFileReference; fileEncoding = 4; lastKnownFileType = sourcecode.swift; path = PhotoCollectionViewController.swift; sourceTree = "<group>"; };
		A276A3F11D49081E00CFB731 /* sidemenu.png */ = {isa = PBXFileReference; lastKnownFileType = image.png; path = sidemenu.png; sourceTree = "<group>"; };
		A276A3F81D49186000CFB731 /* SWRevealViewController.h */ = {isa = PBXFileReference; lastKnownFileType = sourcecode.c.h; path = SWRevealViewController.h; sourceTree = "<group>"; };
		A276A3F91D49187700CFB731 /* SWRevealViewController.m */ = {isa = PBXFileReference; fileEncoding = 4; lastKnownFileType = sourcecode.c.objc; path = SWRevealViewController.m; sourceTree = "<group>"; };
		A276A3FE1D49680600CFB731 /* SimpleTODO-Bridging-Header.h */ = {isa = PBXFileReference; lastKnownFileType = sourcecode.c.h; path = "SimpleTODO-Bridging-Header.h"; sourceTree = "<group>"; };
		A276A3FF1D49680600CFB731 /* PhotoViewController.swift */ = {isa = PBXFileReference; fileEncoding = 4; lastKnownFileType = sourcecode.swift; path = PhotoViewController.swift; sourceTree = "<group>"; };
		A292B8ED1D724F1000DF4CF7 /* MapViewController.h */ = {isa = PBXFileReference; fileEncoding = 4; lastKnownFileType = sourcecode.c.h; path = MapViewController.h; sourceTree = "<group>"; };
		A292B8EE1D724F1000DF4CF7 /* MapViewController.m */ = {isa = PBXFileReference; fileEncoding = 4; lastKnownFileType = sourcecode.c.objc; path = MapViewController.m; sourceTree = "<group>"; };
		A292B8F01D725D6B00DF4CF7 /* CoreLocation.framework */ = {isa = PBXFileReference; lastKnownFileType = wrapper.framework; name = CoreLocation.framework; path = System/Library/Frameworks/CoreLocation.framework; sourceTree = SDKROOT; };
		A292B8F21D725F3700DF4CF7 /* MapKit.framework */ = {isa = PBXFileReference; lastKnownFileType = wrapper.framework; name = MapKit.framework; path = System/Library/Frameworks/MapKit.framework; sourceTree = SDKROOT; };
		A2B6E80C1D4131280055BB05 /* LoginTests.m */ = {isa = PBXFileReference; fileEncoding = 4; lastKnownFileType = sourcecode.c.objc; path = LoginTests.m; sourceTree = "<group>"; };
		A2B6E80E1D42E4680055BB05 /* DetailsViewController.h */ = {isa = PBXFileReference; fileEncoding = 4; lastKnownFileType = sourcecode.c.h; path = DetailsViewController.h; sourceTree = "<group>"; };
		A2B6E80F1D42E4680055BB05 /* DetailsViewController.m */ = {isa = PBXFileReference; fileEncoding = 4; lastKnownFileType = sourcecode.c.objc; path = DetailsViewController.m; sourceTree = "<group>"; };
		A2E7C9161D1C301500424FEC /* 1.png */ = {isa = PBXFileReference; lastKnownFileType = image.png; path = 1.png; sourceTree = "<group>"; };
		A2E7C9181D1C5C6200424FEC /* GoogleService-Info.plist */ = {isa = PBXFileReference; fileEncoding = 4; lastKnownFileType = text.plist.xml; path = "GoogleService-Info.plist"; sourceTree = "<group>"; };
		A2E92EAD1D1AD84600934BEA /* Main.storyboard */ = {isa = PBXFileReference; fileEncoding = 4; lastKnownFileType = file.storyboard; path = Main.storyboard; sourceTree = "<group>"; };
		A2E976541D47A6B60011CE04 /* share icon.png */ = {isa = PBXFileReference; lastKnownFileType = image.png; path = "share icon.png"; sourceTree = "<group>"; };
		A2EA2A9C1D4A4AD7008A2A4E /* MenuViewController.h */ = {isa = PBXFileReference; fileEncoding = 4; lastKnownFileType = sourcecode.c.h; path = MenuViewController.h; sourceTree = "<group>"; };
		A2EA2A9D1D4A4AD7008A2A4E /* MenuViewController.m */ = {isa = PBXFileReference; fileEncoding = 4; lastKnownFileType = sourcecode.c.objc; path = MenuViewController.m; sourceTree = "<group>"; };
		A2EA2A9F1D4AA214008A2A4E /* FullPhotoViewController.swift */ = {isa = PBXFileReference; fileEncoding = 4; lastKnownFileType = sourcecode.swift; path = FullPhotoViewController.swift; sourceTree = "<group>"; };
		A2EA2AA11D4AAD4E008A2A4E /* Photos.framework */ = {isa = PBXFileReference; lastKnownFileType = wrapper.framework; name = Photos.framework; path = System/Library/Frameworks/Photos.framework; sourceTree = SDKROOT; };
		A2EA2AA31D4ABED1008A2A4E /* PhotoCollectionViewCell.swift */ = {isa = PBXFileReference; fileEncoding = 4; lastKnownFileType = sourcecode.swift; path = PhotoCollectionViewCell.swift; sourceTree = "<group>"; };
		A2EAEE821D187389009ED2C5 /* LoginViewController.h */ = {isa = PBXFileReference; fileEncoding = 4; lastKnownFileType = sourcecode.c.h; path = LoginViewController.h; sourceTree = "<group>"; };
		A2EAEE831D187389009ED2C5 /* LoginViewController.m */ = {isa = PBXFileReference; fileEncoding = 4; lastKnownFileType = sourcecode.c.objc; path = LoginViewController.m; sourceTree = "<group>"; };
		A2EAEE851D1888B4009ED2C5 /* SignUPViewController.h */ = {isa = PBXFileReference; fileEncoding = 4; lastKnownFileType = sourcecode.c.h; path = SignUPViewController.h; sourceTree = "<group>"; };
		A2EAEE861D1888B4009ED2C5 /* SignUPViewController.m */ = {isa = PBXFileReference; fileEncoding = 4; lastKnownFileType = sourcecode.c.objc; path = SignUPViewController.m; sourceTree = "<group>"; };
		A2EC3F681D7468FF00E57C6D /* ShowAddressViewController.h */ = {isa = PBXFileReference; fileEncoding = 4; lastKnownFileType = sourcecode.c.h; path = ShowAddressViewController.h; sourceTree = "<group>"; };
		A2EC3F691D7468FF00E57C6D /* ShowAddressViewController.m */ = {isa = PBXFileReference; fileEncoding = 4; lastKnownFileType = sourcecode.c.objc; path = ShowAddressViewController.m; sourceTree = "<group>"; };
		A2EC3F6B1D74E06A00E57C6D /* ShowFullAddressViewController.h */ = {isa = PBXFileReference; fileEncoding = 4; lastKnownFileType = sourcecode.c.h; path = ShowFullAddressViewController.h; sourceTree = "<group>"; };
		A2EC3F6C1D74E06A00E57C6D /* ShowFullAddressViewController.m */ = {isa = PBXFileReference; fileEncoding = 4; lastKnownFileType = sourcecode.c.objc; path = ShowFullAddressViewController.m; sourceTree = "<group>"; };
		A2F38F311D314558009B2241 /* Checkbox_not_checked.png */ = {isa = PBXFileReference; lastKnownFileType = image.png; path = Checkbox_not_checked.png; sourceTree = "<group>"; };
		A2F38F331D314562009B2241 /* checkbox_checked.png */ = {isa = PBXFileReference; lastKnownFileType = image.png; path = checkbox_checked.png; sourceTree = "<group>"; };
		A2F3D6631D26F82100BBD744 /* TodoOnlineLogo.png */ = {isa = PBXFileReference; lastKnownFileType = image.png; path = TodoOnlineLogo.png; sourceTree = "<group>"; };
		A2F3D6651D27058100BBD744 /* Icon-App-29x29@2x.png */ = {isa = PBXFileReference; lastKnownFileType = image.png; path = "Icon-App-29x29@2x.png"; sourceTree = "<group>"; };
		A2F3D6661D27058100BBD744 /* Icon-App-29x29@3x.png */ = {isa = PBXFileReference; lastKnownFileType = image.png; path = "Icon-App-29x29@3x.png"; sourceTree = "<group>"; };
		A2F3D6671D27058100BBD744 /* Icon-App-40x40@2x.png */ = {isa = PBXFileReference; lastKnownFileType = image.png; path = "Icon-App-40x40@2x.png"; sourceTree = "<group>"; };
		A2F3D6681D27058100BBD744 /* Icon-App-40x40@3x.png */ = {isa = PBXFileReference; lastKnownFileType = image.png; path = "Icon-App-40x40@3x.png"; sourceTree = "<group>"; };
		A2F3D66A1D27058100BBD744 /* Icon-App-60x60@3x.png */ = {isa = PBXFileReference; lastKnownFileType = image.png; path = "Icon-App-60x60@3x.png"; sourceTree = "<group>"; };
		B07A76F61D15B4A00097C1C2 /* CustomTokenViewController.h */ = {isa = PBXFileReference; fileEncoding = 4; lastKnownFileType = sourcecode.c.h; path = CustomTokenViewController.h; sourceTree = "<group>"; };
		B07A76F71D15B4A00097C1C2 /* CustomTokenViewController.m */ = {isa = PBXFileReference; fileEncoding = 4; lastKnownFileType = sourcecode.c.objc; path = CustomTokenViewController.m; sourceTree = "<group>"; };
		B07A76F81D15B4A00097C1C2 /* EmailViewController.h */ = {isa = PBXFileReference; fileEncoding = 4; lastKnownFileType = sourcecode.c.h; path = EmailViewController.h; sourceTree = "<group>"; };
		B07A76F91D15B4A00097C1C2 /* EmailViewController.m */ = {isa = PBXFileReference; fileEncoding = 4; lastKnownFileType = sourcecode.c.objc; path = EmailViewController.m; sourceTree = "<group>"; };
		B07A76FC1D15B55E0097C1C2 /* UIViewController+Alerts.h */ = {isa = PBXFileReference; fileEncoding = 4; lastKnownFileType = sourcecode.c.h; path = "UIViewController+Alerts.h"; sourceTree = "<group>"; };
		B07A76FD1D15B55E0097C1C2 /* UIViewController+Alerts.m */ = {isa = PBXFileReference; fileEncoding = 4; lastKnownFileType = sourcecode.c.objc; path = "UIViewController+Alerts.m"; sourceTree = "<group>"; };
		B0E369CD1D15A9D700AD96F6 /* SimpleTODO.app */ = {isa = PBXFileReference; explicitFileType = wrapper.application; includeInIndex = 0; path = SimpleTODO.app; sourceTree = BUILT_PRODUCTS_DIR; };
		B0E369D11D15A9D700AD96F6 /* main.m */ = {isa = PBXFileReference; lastKnownFileType = sourcecode.c.objc; path = main.m; sourceTree = "<group>"; };
		B0E369D31D15A9D700AD96F6 /* AppDelegate.h */ = {isa = PBXFileReference; lastKnownFileType = sourcecode.c.h; path = AppDelegate.h; sourceTree = "<group>"; };
		B0E369D41D15A9D700AD96F6 /* AppDelegate.m */ = {isa = PBXFileReference; lastKnownFileType = sourcecode.c.objc; path = AppDelegate.m; sourceTree = "<group>"; };
		B0E369D61D15A9D700AD96F6 /* ViewController.h */ = {isa = PBXFileReference; lastKnownFileType = sourcecode.c.h; path = ViewController.h; sourceTree = "<group>"; };
		B0E369D71D15A9D700AD96F6 /* ViewController.m */ = {isa = PBXFileReference; lastKnownFileType = sourcecode.c.objc; path = ViewController.m; sourceTree = "<group>"; };
		B0E369DD1D15A9D700AD96F6 /* SimpleTODO.xcdatamodel */ = {isa = PBXFileReference; lastKnownFileType = wrapper.xcdatamodel; path = SimpleTODO.xcdatamodel; sourceTree = "<group>"; };
		B0E369DF1D15A9D700AD96F6 /* Assets.xcassets */ = {isa = PBXFileReference; lastKnownFileType = folder.assetcatalog; path = Assets.xcassets; sourceTree = "<group>"; };
		B0E369E21D15A9D700AD96F6 /* Base */ = {isa = PBXFileReference; lastKnownFileType = file.storyboard; name = Base; path = Base.lproj/LaunchScreen.storyboard; sourceTree = "<group>"; };
		B0E369E41D15A9D700AD96F6 /* Info.plist */ = {isa = PBXFileReference; lastKnownFileType = text.plist.xml; path = Info.plist; sourceTree = "<group>"; };
		B0E369E91D15A9D700AD96F6 /* SimpleTODOTests.xctest */ = {isa = PBXFileReference; explicitFileType = wrapper.cfbundle; includeInIndex = 0; path = SimpleTODOTests.xctest; sourceTree = BUILT_PRODUCTS_DIR; };
		B0E369ED1D15A9D700AD96F6 /* SimpleTODOTests.m */ = {isa = PBXFileReference; lastKnownFileType = sourcecode.c.objc; path = SimpleTODOTests.m; sourceTree = "<group>"; };
		B0E369EF1D15A9D700AD96F6 /* Info.plist */ = {isa = PBXFileReference; lastKnownFileType = text.plist.xml; path = Info.plist; sourceTree = "<group>"; };
		B0E369F41D15A9D700AD96F6 /* SimpleTODOUITests.xctest */ = {isa = PBXFileReference; explicitFileType = wrapper.cfbundle; includeInIndex = 0; path = SimpleTODOUITests.xctest; sourceTree = BUILT_PRODUCTS_DIR; };
		B0E369F81D15A9D700AD96F6 /* SimpleTODOUITests.m */ = {isa = PBXFileReference; lastKnownFileType = sourcecode.c.objc; path = SimpleTODOUITests.m; sourceTree = "<group>"; };
		B0E369FA1D15A9D700AD96F6 /* Info.plist */ = {isa = PBXFileReference; lastKnownFileType = text.plist.xml; path = Info.plist; sourceTree = "<group>"; };
		B52701E30AB2063553565D96 /* libPods-SimpleTODOTests.a */ = {isa = PBXFileReference; explicitFileType = archive.ar; includeInIndex = 0; path = "libPods-SimpleTODOTests.a"; sourceTree = BUILT_PRODUCTS_DIR; };
		C1043B0B1401CE644AED2C02 /* Pods-SimpleTODOTests.debug.xcconfig */ = {isa = PBXFileReference; includeInIndex = 1; lastKnownFileType = text.xcconfig; name = "Pods-SimpleTODOTests.debug.xcconfig"; path = "Pods/Target Support Files/Pods-SimpleTODOTests/Pods-SimpleTODOTests.debug.xcconfig"; sourceTree = "<group>"; };
		C42B6AD48F6E6327266D7199 /* Pods-SimpleTODOUITests.debug.xcconfig */ = {isa = PBXFileReference; includeInIndex = 1; lastKnownFileType = text.xcconfig; name = "Pods-SimpleTODOUITests.debug.xcconfig"; path = "Pods/Target Support Files/Pods-SimpleTODOUITests/Pods-SimpleTODOUITests.debug.xcconfig"; sourceTree = "<group>"; };
		D8B00E75B2D660BA7F79C4EA /* Pods-SimpleTODO.release.xcconfig */ = {isa = PBXFileReference; includeInIndex = 1; lastKnownFileType = text.xcconfig; name = "Pods-SimpleTODO.release.xcconfig"; path = "Pods/Target Support Files/Pods-SimpleTODO/Pods-SimpleTODO.release.xcconfig"; sourceTree = "<group>"; };
		F02554FCC159DE931B3D6E30 /* libPods-SimpleTODOUITests.a */ = {isa = PBXFileReference; explicitFileType = archive.ar; includeInIndex = 0; path = "libPods-SimpleTODOUITests.a"; sourceTree = BUILT_PRODUCTS_DIR; };
		F957C2A38493F0F8250A5A72 /* Pods-SimpleTODO.debug.xcconfig */ = {isa = PBXFileReference; includeInIndex = 1; lastKnownFileType = text.xcconfig; name = "Pods-SimpleTODO.debug.xcconfig"; path = "Pods/Target Support Files/Pods-SimpleTODO/Pods-SimpleTODO.debug.xcconfig"; sourceTree = "<group>"; };
/* End PBXFileReference section */

/* Begin PBXFrameworksBuildPhase section */
		B0E369CA1D15A9D700AD96F6 /* Frameworks */ = {
			isa = PBXFrameworksBuildPhase;
			buildActionMask = 2147483647;
			files = (
				A292B8F31D725F3700DF4CF7 /* MapKit.framework in Frameworks */,
				A292B8F11D725D6B00DF4CF7 /* CoreLocation.framework in Frameworks */,
				A2EA2AA21D4AAD4E008A2A4E /* Photos.framework in Frameworks */,
				31843F805AA9B7DCE6E015A9 /* libPods-SimpleTODO.a in Frameworks */,
			);
			runOnlyForDeploymentPostprocessing = 0;
		};
		B0E369E61D15A9D700AD96F6 /* Frameworks */ = {
			isa = PBXFrameworksBuildPhase;
			buildActionMask = 2147483647;
			files = (
				D55914AC5A010E4FCCC310FC /* libPods-SimpleTODOTests.a in Frameworks */,
			);
			runOnlyForDeploymentPostprocessing = 0;
		};
		B0E369F11D15A9D700AD96F6 /* Frameworks */ = {
			isa = PBXFrameworksBuildPhase;
			buildActionMask = 2147483647;
			files = (
				1AFB86AC13A07719A9A9DFC6 /* libPods-SimpleTODOUITests.a in Frameworks */,
			);
			runOnlyForDeploymentPostprocessing = 0;
		};
/* End PBXFrameworksBuildPhase section */

/* Begin PBXGroup section */
		6642326E6DBB8EF594894E79 /* Frameworks */ = {
			isa = PBXGroup;
			children = (
				A292B8F21D725F3700DF4CF7 /* MapKit.framework */,
				A292B8F01D725D6B00DF4CF7 /* CoreLocation.framework */,
				A2EA2AA11D4AAD4E008A2A4E /* Photos.framework */,
				046BE8533F00A5E730E5793E /* libPods-SimpleTODO.a */,
				B52701E30AB2063553565D96 /* libPods-SimpleTODOTests.a */,
				F02554FCC159DE931B3D6E30 /* libPods-SimpleTODOUITests.a */,
			);
			name = Frameworks;
			sourceTree = "<group>";
		};
		6C45BEF034ECEE48DCA5F321 /* Pods */ = {
			isa = PBXGroup;
			children = (
				F957C2A38493F0F8250A5A72 /* Pods-SimpleTODO.debug.xcconfig */,
				D8B00E75B2D660BA7F79C4EA /* Pods-SimpleTODO.release.xcconfig */,
				C1043B0B1401CE644AED2C02 /* Pods-SimpleTODOTests.debug.xcconfig */,
				563E9608B472C30F52846865 /* Pods-SimpleTODOTests.release.xcconfig */,
				C42B6AD48F6E6327266D7199 /* Pods-SimpleTODOUITests.debug.xcconfig */,
				8D1A962D3B3F093BD928D7E2 /* Pods-SimpleTODOUITests.release.xcconfig */,
			);
			name = Pods;
			sourceTree = "<group>";
		};
		A292B8E71D724DC700DF4CF7 /* main viewControllers */ = {
			isa = PBXGroup;
			children = (
				A2EAEE851D1888B4009ED2C5 /* SignUPViewController.h */,
				A2EAEE861D1888B4009ED2C5 /* SignUPViewController.m */,
				B07A76FC1D15B55E0097C1C2 /* UIViewController+Alerts.h */,
				B07A76FD1D15B55E0097C1C2 /* UIViewController+Alerts.m */,
				B07A76F61D15B4A00097C1C2 /* CustomTokenViewController.h */,
				B07A76F71D15B4A00097C1C2 /* CustomTokenViewController.m */,
				B07A76F81D15B4A00097C1C2 /* EmailViewController.h */,
				B07A76F91D15B4A00097C1C2 /* EmailViewController.m */,
			);
			name = "main viewControllers";
			sourceTree = "<group>";
		};
		A292B8E81D724DF500DF4CF7 /* Todo ViewControllers */ = {
			isa = PBXGroup;
			children = (
				B0E369D61D15A9D700AD96F6 /* ViewController.h */,
				B0E369D71D15A9D700AD96F6 /* ViewController.m */,
				A2B6E80E1D42E4680055BB05 /* DetailsViewController.h */,
				A2B6E80F1D42E4680055BB05 /* DetailsViewController.m */,
			);
			name = "Todo ViewControllers";
			sourceTree = "<group>";
		};
		A292B8E91D724E0E00DF4CF7 /* Side menu ViewController */ = {
			isa = PBXGroup;
			children = (
				A276A3F81D49186000CFB731 /* SWRevealViewController.h */,
				A276A3F91D49187700CFB731 /* SWRevealViewController.m */,
				A2EA2A9C1D4A4AD7008A2A4E /* MenuViewController.h */,
				A2EA2A9D1D4A4AD7008A2A4E /* MenuViewController.m */,
			);
			name = "Side menu ViewController";
			sourceTree = "<group>";
		};
		A292B8EA1D724E3200DF4CF7 /* Photo ViewController */ = {
			isa = PBXGroup;
			children = (
				A202ED271D59160B005D2E78 /* PhotoCollectionViewController.swift */,
				A276A3FF1D49680600CFB731 /* PhotoViewController.swift */,
				A2EA2AA31D4ABED1008A2A4E /* PhotoCollectionViewCell.swift */,
				A2EA2A9F1D4AA214008A2A4E /* FullPhotoViewController.swift */,
				A276A3FE1D49680600CFB731 /* SimpleTODO-Bridging-Header.h */,
			);
			name = "Photo ViewController";
			sourceTree = "<group>";
		};
		A292B8EC1D724EDE00DF4CF7 /* Map ViewController */ = {
			isa = PBXGroup;
			children = (
				A292B8ED1D724F1000DF4CF7 /* MapViewController.h */,
				A292B8EE1D724F1000DF4CF7 /* MapViewController.m */,
				A2EC3F681D7468FF00E57C6D /* ShowAddressViewController.h */,
				A2EC3F691D7468FF00E57C6D /* ShowAddressViewController.m */,
				A2EC3F6B1D74E06A00E57C6D /* ShowFullAddressViewController.h */,
				A2EC3F6C1D74E06A00E57C6D /* ShowFullAddressViewController.m */,
			);
			name = "Map ViewController";
			sourceTree = "<group>";
		};
		A2E7C9151D1C2FF000424FEC /* Images */ = {
			isa = PBXGroup;
			children = (
				A276A3F11D49081E00CFB731 /* sidemenu.png */,
				A2E976541D47A6B60011CE04 /* share icon.png */,
				A2F38F311D314558009B2241 /* Checkbox_not_checked.png */,
				A2F38F331D314562009B2241 /* checkbox_checked.png */,
				A2F3D6631D26F82100BBD744 /* TodoOnlineLogo.png */,
				A2E7C9161D1C301500424FEC /* 1.png */,
				A2F3D6651D27058100BBD744 /* Icon-App-29x29@2x.png */,
				A2F3D6661D27058100BBD744 /* Icon-App-29x29@3x.png */,
				A2F3D6671D27058100BBD744 /* Icon-App-40x40@2x.png */,
				A2F3D6681D27058100BBD744 /* Icon-App-40x40@3x.png */,
				A2F3D66A1D27058100BBD744 /* Icon-App-60x60@3x.png */,
			);
			name = Images;
			sourceTree = "<group>";
		};
		A2E92EAF1D1B07F400934BEA /* ViewController */ = {
			isa = PBXGroup;
			children = (
				A292B8EC1D724EDE00DF4CF7 /* Map ViewController */,
				A2E7C9181D1C5C6200424FEC /* GoogleService-Info.plist */,
				A292B8E91D724E0E00DF4CF7 /* Side menu ViewController */,
				A292B8E71D724DC700DF4CF7 /* main viewControllers */,
				A292B8E81D724DF500DF4CF7 /* Todo ViewControllers */,
				A292B8EA1D724E3200DF4CF7 /* Photo ViewController */,
			);
			name = ViewController;
			sourceTree = "<group>";
		};
		A2E92EB01D1B093F00934BEA /* Extra */ = {
			isa = PBXGroup;
			children = (
				A2EAEE821D187389009ED2C5 /* LoginViewController.h */,
				A2EAEE831D187389009ED2C5 /* LoginViewController.m */,
				A2E92EAF1D1B07F400934BEA /* ViewController */,
			);
			name = Extra;
			sourceTree = "<group>";
		};
		A2E92EB11D1B096400934BEA /* Core data */ = {
			isa = PBXGroup;
			children = (
				B0E369DC1D15A9D700AD96F6 /* SimpleTODO.xcdatamodeld */,
			);
			name = "Core data";
			sourceTree = "<group>";
		};
		B0E369C41D15A9D700AD96F6 = {
			isa = PBXGroup;
			children = (
				B0E369CF1D15A9D700AD96F6 /* SimpleTODO */,
				B0E369EC1D15A9D700AD96F6 /* SimpleTODOTests */,
				B0E369F71D15A9D700AD96F6 /* SimpleTODOUITests */,
				B0E369CE1D15A9D700AD96F6 /* Products */,
				6C45BEF034ECEE48DCA5F321 /* Pods */,
				6642326E6DBB8EF594894E79 /* Frameworks */,
			);
			sourceTree = "<group>";
		};
		B0E369CE1D15A9D700AD96F6 /* Products */ = {
			isa = PBXGroup;
			children = (
				B0E369CD1D15A9D700AD96F6 /* SimpleTODO.app */,
				B0E369E91D15A9D700AD96F6 /* SimpleTODOTests.xctest */,
				B0E369F41D15A9D700AD96F6 /* SimpleTODOUITests.xctest */,
			);
			name = Products;
			sourceTree = "<group>";
		};
		B0E369CF1D15A9D700AD96F6 /* SimpleTODO */ = {
			isa = PBXGroup;
			children = (
				A2E7C9151D1C2FF000424FEC /* Images */,
				A2E92EB11D1B096400934BEA /* Core data */,
				A2E92EB01D1B093F00934BEA /* Extra */,
				B0E369D01D15A9D700AD96F6 /* Supporting Files */,
			);
			path = SimpleTODO;
			sourceTree = "<group>";
		};
		B0E369D01D15A9D700AD96F6 /* Supporting Files */ = {
			isa = PBXGroup;
			children = (
				B0E369D31D15A9D700AD96F6 /* AppDelegate.h */,
				B0E369D41D15A9D700AD96F6 /* AppDelegate.m */,
				B0E369E41D15A9D700AD96F6 /* Info.plist */,
				B0E369E11D15A9D700AD96F6 /* LaunchScreen.storyboard */,
				A2E92EAD1D1AD84600934BEA /* Main.storyboard */,
				B0E369D11D15A9D700AD96F6 /* main.m */,
				B0E369DF1D15A9D700AD96F6 /* Assets.xcassets */,
			);
			name = "Supporting Files";
			sourceTree = "<group>";
		};
		B0E369EC1D15A9D700AD96F6 /* SimpleTODOTests */ = {
			isa = PBXGroup;
			children = (
				B0E369ED1D15A9D700AD96F6 /* SimpleTODOTests.m */,
				B0E369EF1D15A9D700AD96F6 /* Info.plist */,
				A2B6E80C1D4131280055BB05 /* LoginTests.m */,
			);
			path = SimpleTODOTests;
			sourceTree = "<group>";
		};
		B0E369F71D15A9D700AD96F6 /* SimpleTODOUITests */ = {
			isa = PBXGroup;
			children = (
				B0E369F81D15A9D700AD96F6 /* SimpleTODOUITests.m */,
				B0E369FA1D15A9D700AD96F6 /* Info.plist */,
			);
			path = SimpleTODOUITests;
			sourceTree = "<group>";
		};
/* End PBXGroup section */

/* Begin PBXNativeTarget section */
		B0E369CC1D15A9D700AD96F6 /* SimpleTODO */ = {
			isa = PBXNativeTarget;
			buildConfigurationList = B0E369FD1D15A9D700AD96F6 /* Build configuration list for PBXNativeTarget "SimpleTODO" */;
			buildPhases = (
				275491EAC5B520B367C4F9F1 /* [CP] Check Pods Manifest.lock */,
				B0E369C91D15A9D700AD96F6 /* Sources */,
				B0E369CA1D15A9D700AD96F6 /* Frameworks */,
				B0E369CB1D15A9D700AD96F6 /* Resources */,
				2453807C0F6AAAFC3C4A1079 /* [CP] Embed Pods Frameworks */,
				30E8174EF0AE1F2B5467DC62 /* [CP] Copy Pods Resources */,
			);
			buildRules = (
			);
			dependencies = (
			);
			name = SimpleTODO;
			productName = SimpleTODO;
			productReference = B0E369CD1D15A9D700AD96F6 /* SimpleTODO.app */;
			productType = "com.apple.product-type.application";
		};
		B0E369E81D15A9D700AD96F6 /* SimpleTODOTests */ = {
			isa = PBXNativeTarget;
			buildConfigurationList = B0E36A001D15A9D700AD96F6 /* Build configuration list for PBXNativeTarget "SimpleTODOTests" */;
			buildPhases = (
				D8E2A907CF5D348E97647406 /* [CP] Check Pods Manifest.lock */,
				B0E369E51D15A9D700AD96F6 /* Sources */,
				B0E369E61D15A9D700AD96F6 /* Frameworks */,
				B0E369E71D15A9D700AD96F6 /* Resources */,
				95A92A551095C5F023F2FC96 /* [CP] Embed Pods Frameworks */,
				C83FF9DF15D883BFFB41045B /* [CP] Copy Pods Resources */,
			);
			buildRules = (
			);
			dependencies = (
				B0E369EB1D15A9D700AD96F6 /* PBXTargetDependency */,
			);
			name = SimpleTODOTests;
			productName = SimpleTODOTests;
			productReference = B0E369E91D15A9D700AD96F6 /* SimpleTODOTests.xctest */;
			productType = "com.apple.product-type.bundle.unit-test";
		};
		B0E369F31D15A9D700AD96F6 /* SimpleTODOUITests */ = {
			isa = PBXNativeTarget;
			buildConfigurationList = B0E36A031D15A9D700AD96F6 /* Build configuration list for PBXNativeTarget "SimpleTODOUITests" */;
			buildPhases = (
				7B45B59F338A3B17891125E1 /* [CP] Check Pods Manifest.lock */,
				B0E369F01D15A9D700AD96F6 /* Sources */,
				B0E369F11D15A9D700AD96F6 /* Frameworks */,
				B0E369F21D15A9D700AD96F6 /* Resources */,
				3FA911D86DC60D1A76E6D47A /* [CP] Copy Pods Resources */,
			);
			buildRules = (
			);
			dependencies = (
				B0E369F61D15A9D700AD96F6 /* PBXTargetDependency */,
			);
			name = SimpleTODOUITests;
			productName = SimpleTODOUITests;
			productReference = B0E369F41D15A9D700AD96F6 /* SimpleTODOUITests.xctest */;
			productType = "com.apple.product-type.bundle.ui-testing";
		};
/* End PBXNativeTarget section */

/* Begin PBXProject section */
		B0E369C51D15A9D700AD96F6 /* Project object */ = {
			isa = PBXProject;
			attributes = {
				LastUpgradeCheck = 0730;
				ORGANIZATIONNAME = "Varun Reddy Nalagatla";
				TargetAttributes = {
					B0E369CC1D15A9D700AD96F6 = {
						CreatedOnToolsVersion = 7.3.1;
						DevelopmentTeam = 998UMSH588;
					};
					B0E369E81D15A9D700AD96F6 = {
						CreatedOnToolsVersion = 7.3.1;
						TestTargetID = B0E369CC1D15A9D700AD96F6;
					};
					B0E369F31D15A9D700AD96F6 = {
						CreatedOnToolsVersion = 7.3.1;
						TestTargetID = B0E369CC1D15A9D700AD96F6;
					};
				};
			};
			buildConfigurationList = B0E369C81D15A9D700AD96F6 /* Build configuration list for PBXProject "SimpleTODO" */;
			compatibilityVersion = "Xcode 3.2";
			developmentRegion = English;
			hasScannedForEncodings = 0;
			knownRegions = (
				en,
				Base,
			);
			mainGroup = B0E369C41D15A9D700AD96F6;
			productRefGroup = B0E369CE1D15A9D700AD96F6 /* Products */;
			projectDirPath = "";
			projectRoot = "";
			targets = (
				B0E369CC1D15A9D700AD96F6 /* SimpleTODO */,
				B0E369E81D15A9D700AD96F6 /* SimpleTODOTests */,
				B0E369F31D15A9D700AD96F6 /* SimpleTODOUITests */,
			);
		};
/* End PBXProject section */

/* Begin PBXResourcesBuildPhase section */
		B0E369CB1D15A9D700AD96F6 /* Resources */ = {
			isa = PBXResourcesBuildPhase;
			buildActionMask = 2147483647;
			files = (
				B0E369E31D15A9D700AD96F6 /* LaunchScreen.storyboard in Resources */,
				A2E976551D47A6B60011CE04 /* share icon.png in Resources */,
				A2F3D66B1D27058100BBD744 /* Icon-App-29x29@2x.png in Resources */,
				A2F3D6701D27058100BBD744 /* Icon-App-60x60@3x.png in Resources */,
				A2F38F341D314562009B2241 /* checkbox_checked.png in Resources */,
				A2F3D6641D26F82100BBD744 /* TodoOnlineLogo.png in Resources */,
				B0E369E01D15A9D700AD96F6 /* Assets.xcassets in Resources */,
				A2E7C9191D1C5C6200424FEC /* GoogleService-Info.plist in Resources */,
				A2F3D66E1D27058100BBD744 /* Icon-App-40x40@3x.png in Resources */,
				A2F3D66C1D27058100BBD744 /* Icon-App-29x29@3x.png in Resources */,
				A2F38F321D314558009B2241 /* Checkbox_not_checked.png in Resources */,
				A2F3D66D1D27058100BBD744 /* Icon-App-40x40@2x.png in Resources */,
				A2E7C9171D1C301500424FEC /* 1.png in Resources */,
				A276A3F21D49081E00CFB731 /* sidemenu.png in Resources */,
				A2E92EAE1D1AD84600934BEA /* Main.storyboard in Resources */,
			);
			runOnlyForDeploymentPostprocessing = 0;
		};
		B0E369E71D15A9D700AD96F6 /* Resources */ = {
			isa = PBXResourcesBuildPhase;
			buildActionMask = 2147483647;
			files = (
			);
			runOnlyForDeploymentPostprocessing = 0;
		};
		B0E369F21D15A9D700AD96F6 /* Resources */ = {
			isa = PBXResourcesBuildPhase;
			buildActionMask = 2147483647;
			files = (
			);
			runOnlyForDeploymentPostprocessing = 0;
		};
/* End PBXResourcesBuildPhase section */

/* Begin PBXShellScriptBuildPhase section */
		2453807C0F6AAAFC3C4A1079 /* [CP] Embed Pods Frameworks */ = {
			isa = PBXShellScriptBuildPhase;
			buildActionMask = 2147483647;
			files = (
			);
			inputPaths = (
			);
			name = "[CP] Embed Pods Frameworks";
			outputPaths = (
			);
			runOnlyForDeploymentPostprocessing = 0;
			shellPath = /bin/sh;
			shellScript = "\"${SRCROOT}/Pods/Target Support Files/Pods-SimpleTODO/Pods-SimpleTODO-frameworks.sh\"\n";
			showEnvVarsInLog = 0;
		};
		275491EAC5B520B367C4F9F1 /* [CP] Check Pods Manifest.lock */ = {
			isa = PBXShellScriptBuildPhase;
			buildActionMask = 2147483647;
			files = (
			);
			inputPaths = (
			);
			name = "[CP] Check Pods Manifest.lock";
			outputPaths = (
			);
			runOnlyForDeploymentPostprocessing = 0;
			shellPath = /bin/sh;
			shellScript = "diff \"${PODS_ROOT}/../Podfile.lock\" \"${PODS_ROOT}/Manifest.lock\" > /dev/null\nif [[ $? != 0 ]] ; then\n    cat << EOM\nerror: The sandbox is not in sync with the Podfile.lock. Run 'pod install' or update your CocoaPods installation.\nEOM\n    exit 1\nfi\n";
			showEnvVarsInLog = 0;
		};
		30E8174EF0AE1F2B5467DC62 /* [CP] Copy Pods Resources */ = {
			isa = PBXShellScriptBuildPhase;
			buildActionMask = 2147483647;
			files = (
			);
			inputPaths = (
			);
			name = "[CP] Copy Pods Resources";
			outputPaths = (
			);
			runOnlyForDeploymentPostprocessing = 0;
			shellPath = /bin/sh;
			shellScript = "\"${SRCROOT}/Pods/Target Support Files/Pods-SimpleTODO/Pods-SimpleTODO-resources.sh\"\n";
			showEnvVarsInLog = 0;
		};
		3FA911D86DC60D1A76E6D47A /* [CP] Copy Pods Resources */ = {
			isa = PBXShellScriptBuildPhase;
			buildActionMask = 2147483647;
			files = (
			);
			inputPaths = (
			);
			name = "[CP] Copy Pods Resources";
			outputPaths = (
			);
			runOnlyForDeploymentPostprocessing = 0;
			shellPath = /bin/sh;
			shellScript = "\"${SRCROOT}/Pods/Target Support Files/Pods-SimpleTODOUITests/Pods-SimpleTODOUITests-resources.sh\"\n";
			showEnvVarsInLog = 0;
		};
		7B45B59F338A3B17891125E1 /* [CP] Check Pods Manifest.lock */ = {
			isa = PBXShellScriptBuildPhase;
			buildActionMask = 2147483647;
			files = (
			);
			inputPaths = (
			);
			name = "[CP] Check Pods Manifest.lock";
			outputPaths = (
			);
			runOnlyForDeploymentPostprocessing = 0;
			shellPath = /bin/sh;
			shellScript = "diff \"${PODS_ROOT}/../Podfile.lock\" \"${PODS_ROOT}/Manifest.lock\" > /dev/null\nif [[ $? != 0 ]] ; then\n    cat << EOM\nerror: The sandbox is not in sync with the Podfile.lock. Run 'pod install' or update your CocoaPods installation.\nEOM\n    exit 1\nfi\n";
			showEnvVarsInLog = 0;
		};
		95A92A551095C5F023F2FC96 /* [CP] Embed Pods Frameworks */ = {
			isa = PBXShellScriptBuildPhase;
			buildActionMask = 2147483647;
			files = (
			);
			inputPaths = (
			);
			name = "[CP] Embed Pods Frameworks";
			outputPaths = (
			);
			runOnlyForDeploymentPostprocessing = 0;
			shellPath = /bin/sh;
			shellScript = "\"${SRCROOT}/Pods/Target Support Files/Pods-SimpleTODOTests/Pods-SimpleTODOTests-frameworks.sh\"\n";
			showEnvVarsInLog = 0;
		};
		C83FF9DF15D883BFFB41045B /* [CP] Copy Pods Resources */ = {
			isa = PBXShellScriptBuildPhase;
			buildActionMask = 2147483647;
			files = (
			);
			inputPaths = (
			);
			name = "[CP] Copy Pods Resources";
			outputPaths = (
			);
			runOnlyForDeploymentPostprocessing = 0;
			shellPath = /bin/sh;
			shellScript = "\"${SRCROOT}/Pods/Target Support Files/Pods-SimpleTODOTests/Pods-SimpleTODOTests-resources.sh\"\n";
			showEnvVarsInLog = 0;
		};
		D8E2A907CF5D348E97647406 /* [CP] Check Pods Manifest.lock */ = {
			isa = PBXShellScriptBuildPhase;
			buildActionMask = 2147483647;
			files = (
			);
			inputPaths = (
			);
			name = "[CP] Check Pods Manifest.lock";
			outputPaths = (
			);
			runOnlyForDeploymentPostprocessing = 0;
			shellPath = /bin/sh;
			shellScript = "diff \"${PODS_ROOT}/../Podfile.lock\" \"${PODS_ROOT}/Manifest.lock\" > /dev/null\nif [[ $? != 0 ]] ; then\n    cat << EOM\nerror: The sandbox is not in sync with the Podfile.lock. Run 'pod install' or update your CocoaPods installation.\nEOM\n    exit 1\nfi\n";
			showEnvVarsInLog = 0;
		};
/* End PBXShellScriptBuildPhase section */

/* Begin PBXSourcesBuildPhase section */
		B0E369C91D15A9D700AD96F6 /* Sources */ = {
			isa = PBXSourcesBuildPhase;
			buildActionMask = 2147483647;
			files = (
				A202ED281D59160B005D2E78 /* PhotoCollectionViewController.swift in Sources */,
				A2EAEE841D187389009ED2C5 /* LoginViewController.m in Sources */,
				A2B6E8101D42E4680055BB05 /* DetailsViewController.m in Sources */,
				B07A76FA1D15B4A00097C1C2 /* CustomTokenViewController.m in Sources */,
				A2EC3F6D1D74E06A00E57C6D /* ShowFullAddressViewController.m in Sources */,
				B07A76FE1D15B55E0097C1C2 /* UIViewController+Alerts.m in Sources */,
				A2EA2A9E1D4A4AD7008A2A4E /* MenuViewController.m in Sources */,
				B0E369D81D15A9D700AD96F6 /* ViewController.m in Sources */,
				A276A4001D49680600CFB731 /* PhotoViewController.swift in Sources */,
				B0E369D51D15A9D700AD96F6 /* AppDelegate.m in Sources */,
				A2EAEE871D1888B4009ED2C5 /* SignUPViewController.m in Sources */,
				B07A76FB1D15B4A00097C1C2 /* EmailViewController.m in Sources */,
				A276A3FA1D49187700CFB731 /* SWRevealViewController.m in Sources */,
				A2EA2AA41D4ABED1008A2A4E /* PhotoCollectionViewCell.swift in Sources */,
				B0E369D21D15A9D700AD96F6 /* main.m in Sources */,
				A2EC3F6A1D7468FF00E57C6D /* ShowAddressViewController.m in Sources */,
				A2EA2AA01D4AA214008A2A4E /* FullPhotoViewController.swift in Sources */,
				A292B8EF1D724F1000DF4CF7 /* MapViewController.m in Sources */,
				B0E369DE1D15A9D700AD96F6 /* SimpleTODO.xcdatamodeld in Sources */,
			);
			runOnlyForDeploymentPostprocessing = 0;
		};
		B0E369E51D15A9D700AD96F6 /* Sources */ = {
			isa = PBXSourcesBuildPhase;
			buildActionMask = 2147483647;
			files = (
				B0E369EE1D15A9D700AD96F6 /* SimpleTODOTests.m in Sources */,
				A2B6E80D1D4131280055BB05 /* LoginTests.m in Sources */,
			);
			runOnlyForDeploymentPostprocessing = 0;
		};
		B0E369F01D15A9D700AD96F6 /* Sources */ = {
			isa = PBXSourcesBuildPhase;
			buildActionMask = 2147483647;
			files = (
				B0E369F91D15A9D700AD96F6 /* SimpleTODOUITests.m in Sources */,
			);
			runOnlyForDeploymentPostprocessing = 0;
		};
/* End PBXSourcesBuildPhase section */

/* Begin PBXTargetDependency section */
		B0E369EB1D15A9D700AD96F6 /* PBXTargetDependency */ = {
			isa = PBXTargetDependency;
			target = B0E369CC1D15A9D700AD96F6 /* SimpleTODO */;
			targetProxy = B0E369EA1D15A9D700AD96F6 /* PBXContainerItemProxy */;
		};
		B0E369F61D15A9D700AD96F6 /* PBXTargetDependency */ = {
			isa = PBXTargetDependency;
			target = B0E369CC1D15A9D700AD96F6 /* SimpleTODO */;
			targetProxy = B0E369F51D15A9D700AD96F6 /* PBXContainerItemProxy */;
		};
/* End PBXTargetDependency section */

/* Begin PBXVariantGroup section */
		B0E369E11D15A9D700AD96F6 /* LaunchScreen.storyboard */ = {
			isa = PBXVariantGroup;
			children = (
				B0E369E21D15A9D700AD96F6 /* Base */,
			);
			name = LaunchScreen.storyboard;
			sourceTree = "<group>";
		};
/* End PBXVariantGroup section */

/* Begin XCBuildConfiguration section */
		B0E369FB1D15A9D700AD96F6 /* Debug */ = {
			isa = XCBuildConfiguration;
			buildSettings = {
				ALWAYS_SEARCH_USER_PATHS = NO;
				CLANG_ANALYZER_NONNULL = YES;
				CLANG_CXX_LANGUAGE_STANDARD = "gnu++0x";
				CLANG_CXX_LIBRARY = "libc++";
				CLANG_ENABLE_MODULES = YES;
				CLANG_ENABLE_OBJC_ARC = YES;
				CLANG_WARN_BOOL_CONVERSION = YES;
				CLANG_WARN_CONSTANT_CONVERSION = YES;
				CLANG_WARN_DIRECT_OBJC_ISA_USAGE = YES_ERROR;
				CLANG_WARN_EMPTY_BODY = YES;
				CLANG_WARN_ENUM_CONVERSION = YES;
				CLANG_WARN_INT_CONVERSION = YES;
				CLANG_WARN_OBJC_ROOT_CLASS = YES_ERROR;
				CLANG_WARN_UNREACHABLE_CODE = YES;
				CLANG_WARN__DUPLICATE_METHOD_MATCH = YES;
				"CODE_SIGN_IDENTITY[sdk=iphoneos*]" = "iPhone Developer";
				COPY_PHASE_STRIP = NO;
				DEBUG_INFORMATION_FORMAT = dwarf;
				ENABLE_STRICT_OBJC_MSGSEND = YES;
				ENABLE_TESTABILITY = YES;
				GCC_C_LANGUAGE_STANDARD = gnu99;
				GCC_DYNAMIC_NO_PIC = NO;
				GCC_NO_COMMON_BLOCKS = YES;
				GCC_OPTIMIZATION_LEVEL = 0;
				GCC_PREPROCESSOR_DEFINITIONS = (
					"DEBUG=1",
					"$(inherited)",
				);
				GCC_WARN_64_TO_32_BIT_CONVERSION = YES;
				GCC_WARN_ABOUT_RETURN_TYPE = YES_ERROR;
				GCC_WARN_UNDECLARED_SELECTOR = YES;
				GCC_WARN_UNINITIALIZED_AUTOS = YES_AGGRESSIVE;
				GCC_WARN_UNUSED_FUNCTION = YES;
				GCC_WARN_UNUSED_VARIABLE = YES;
				IPHONEOS_DEPLOYMENT_TARGET = 9.3;
				MTL_ENABLE_DEBUG_INFO = YES;
				ONLY_ACTIVE_ARCH = YES;
				SDKROOT = iphoneos;
				SWIFT_OBJC_BRIDGING_HEADER = "SimpleTODO/SimpleTODO-Bridging-Header.h";
				TARGETED_DEVICE_FAMILY = "1,2";
			};
			name = Debug;
		};
		B0E369FC1D15A9D700AD96F6 /* Release */ = {
			isa = XCBuildConfiguration;
			buildSettings = {
				ALWAYS_SEARCH_USER_PATHS = NO;
				CLANG_ANALYZER_NONNULL = YES;
				CLANG_CXX_LANGUAGE_STANDARD = "gnu++0x";
				CLANG_CXX_LIBRARY = "libc++";
				CLANG_ENABLE_MODULES = YES;
				CLANG_ENABLE_OBJC_ARC = YES;
				CLANG_WARN_BOOL_CONVERSION = YES;
				CLANG_WARN_CONSTANT_CONVERSION = YES;
				CLANG_WARN_DIRECT_OBJC_ISA_USAGE = YES_ERROR;
				CLANG_WARN_EMPTY_BODY = YES;
				CLANG_WARN_ENUM_CONVERSION = YES;
				CLANG_WARN_INT_CONVERSION = YES;
				CLANG_WARN_OBJC_ROOT_CLASS = YES_ERROR;
				CLANG_WARN_UNREACHABLE_CODE = YES;
				CLANG_WARN__DUPLICATE_METHOD_MATCH = YES;
				"CODE_SIGN_IDENTITY[sdk=iphoneos*]" = "iPhone Developer";
				COPY_PHASE_STRIP = NO;
				DEBUG_INFORMATION_FORMAT = "dwarf-with-dsym";
				ENABLE_NS_ASSERTIONS = NO;
				ENABLE_STRICT_OBJC_MSGSEND = YES;
				GCC_C_LANGUAGE_STANDARD = gnu99;
				GCC_NO_COMMON_BLOCKS = YES;
				GCC_WARN_64_TO_32_BIT_CONVERSION = YES;
				GCC_WARN_ABOUT_RETURN_TYPE = YES_ERROR;
				GCC_WARN_UNDECLARED_SELECTOR = YES;
				GCC_WARN_UNINITIALIZED_AUTOS = YES_AGGRESSIVE;
				GCC_WARN_UNUSED_FUNCTION = YES;
				GCC_WARN_UNUSED_VARIABLE = YES;
				IPHONEOS_DEPLOYMENT_TARGET = 9.3;
				MTL_ENABLE_DEBUG_INFO = NO;
				SDKROOT = iphoneos;
				SWIFT_OBJC_BRIDGING_HEADER = "SimpleTODO/SimpleTODO-Bridging-Header.h";
				TARGETED_DEVICE_FAMILY = "1,2";
				VALIDATE_PRODUCT = YES;
			};
			name = Release;
		};
		B0E369FE1D15A9D700AD96F6 /* Debug */ = {
			isa = XCBuildConfiguration;
			baseConfigurationReference = F957C2A38493F0F8250A5A72 /* Pods-SimpleTODO.debug.xcconfig */;
			buildSettings = {
				ASSETCATALOG_COMPILER_APPICON_NAME = AppIcon;
				CLANG_ENABLE_MODULES = YES;
				CODE_SIGN_IDENTITY = "iPhone Developer";
				DEFINES_MODULE = YES;
				INFOPLIST_FILE = SimpleTODO/Info.plist;
				IPHONEOS_DEPLOYMENT_TARGET = 8.0;
				LD_RUNPATH_SEARCH_PATHS = "$(inherited) @executable_path/Frameworks";
				PRODUCT_BUNDLE_IDENTIFIER = coolchem.SimpleTODO;
				PRODUCT_NAME = "$(TARGET_NAME)";
				SWIFT_OBJC_BRIDGING_HEADER = "SimpleTODO/SimpleTODO-Bridging-Header.h";
				SWIFT_OPTIMIZATION_LEVEL = "-Onone";
				TARGETED_DEVICE_FAMILY = "1,2";
			};
			name = Debug;
		};
		B0E369FF1D15A9D700AD96F6 /* Release */ = {
			isa = XCBuildConfiguration;
			baseConfigurationReference = D8B00E75B2D660BA7F79C4EA /* Pods-SimpleTODO.release.xcconfig */;
			buildSettings = {
				ASSETCATALOG_COMPILER_APPICON_NAME = AppIcon;
				CLANG_ENABLE_MODULES = YES;
				CODE_SIGN_IDENTITY = "iPhone Developer";
				DEFINES_MODULE = YES;
				INFOPLIST_FILE = SimpleTODO/Info.plist;
				IPHONEOS_DEPLOYMENT_TARGET = 8.0;
				LD_RUNPATH_SEARCH_PATHS = "$(inherited) @executable_path/Frameworks";
				PRODUCT_BUNDLE_IDENTIFIER = coolchem.SimpleTODO;
				PRODUCT_NAME = "$(TARGET_NAME)";
				SWIFT_OBJC_BRIDGING_HEADER = "SimpleTODO/SimpleTODO-Bridging-Header.h";
				TARGETED_DEVICE_FAMILY = "1,2";
			};
			name = Release;
		};
		B0E36A011D15A9D700AD96F6 /* Debug */ = {
			isa = XCBuildConfiguration;
			baseConfigurationReference = C1043B0B1401CE644AED2C02 /* Pods-SimpleTODOTests.debug.xcconfig */;
			buildSettings = {
				BUNDLE_LOADER = "$(TEST_HOST)";
				INFOPLIST_FILE = SimpleTODOTests/Info.plist;
				LD_RUNPATH_SEARCH_PATHS = "$(inherited) @executable_path/Frameworks @loader_path/Frameworks";
				PRODUCT_BUNDLE_IDENTIFIER = coolchem.SimpleTODOTests;
				PRODUCT_NAME = "$(TARGET_NAME)";
				TEST_HOST = "$(BUILT_PRODUCTS_DIR)/SimpleTODO.app/SimpleTODO";
			};
			name = Debug;
		};
		B0E36A021D15A9D700AD96F6 /* Release */ = {
			isa = XCBuildConfiguration;
			baseConfigurationReference = 563E9608B472C30F52846865 /* Pods-SimpleTODOTests.release.xcconfig */;
			buildSettings = {
				BUNDLE_LOADER = "$(TEST_HOST)";
				INFOPLIST_FILE = SimpleTODOTests/Info.plist;
				LD_RUNPATH_SEARCH_PATHS = "$(inherited) @executable_path/Frameworks @loader_path/Frameworks";
				PRODUCT_BUNDLE_IDENTIFIER = coolchem.SimpleTODOTests;
				PRODUCT_NAME = "$(TARGET_NAME)";
				TEST_HOST = "$(BUILT_PRODUCTS_DIR)/SimpleTODO.app/SimpleTODO";
			};
			name = Release;
		};
		B0E36A041D15A9D700AD96F6 /* Debug */ = {
			isa = XCBuildConfiguration;
			baseConfigurationReference = C42B6AD48F6E6327266D7199 /* Pods-SimpleTODOUITests.debug.xcconfig */;
			buildSettings = {
				INFOPLIST_FILE = SimpleTODOUITests/Info.plist;
				LD_RUNPATH_SEARCH_PATHS = "$(inherited) @executable_path/Frameworks @loader_path/Frameworks";
				PRODUCT_BUNDLE_IDENTIFIER = coolchem.SimpleTODOUITests;
				PRODUCT_NAME = "$(TARGET_NAME)";
				TEST_TARGET_NAME = SimpleTODO;
			};
			name = Debug;
		};
		B0E36A051D15A9D700AD96F6 /* Release */ = {
			isa = XCBuildConfiguration;
			baseConfigurationReference = 8D1A962D3B3F093BD928D7E2 /* Pods-SimpleTODOUITests.release.xcconfig */;
			buildSettings = {
				INFOPLIST_FILE = SimpleTODOUITests/Info.plist;
				LD_RUNPATH_SEARCH_PATHS = "$(inherited) @executable_path/Frameworks @loader_path/Frameworks";
				PRODUCT_BUNDLE_IDENTIFIER = coolchem.SimpleTODOUITests;
				PRODUCT_NAME = "$(TARGET_NAME)";
				TEST_TARGET_NAME = SimpleTODO;
			};
			name = Release;
		};
/* End XCBuildConfiguration section */

/* Begin XCConfigurationList section */
		B0E369C81D15A9D700AD96F6 /* Build configuration list for PBXProject "SimpleTODO" */ = {
			isa = XCConfigurationList;
			buildConfigurations = (
				B0E369FB1D15A9D700AD96F6 /* Debug */,
				B0E369FC1D15A9D700AD96F6 /* Release */,
			);
			defaultConfigurationIsVisible = 0;
			defaultConfigurationName = Release;
		};
		B0E369FD1D15A9D700AD96F6 /* Build configuration list for PBXNativeTarget "SimpleTODO" */ = {
			isa = XCConfigurationList;
			buildConfigurations = (
				B0E369FE1D15A9D700AD96F6 /* Debug */,
				B0E369FF1D15A9D700AD96F6 /* Release */,
			);
			defaultConfigurationIsVisible = 0;
			defaultConfigurationName = Release;
		};
		B0E36A001D15A9D700AD96F6 /* Build configuration list for PBXNativeTarget "SimpleTODOTests" */ = {
			isa = XCConfigurationList;
			buildConfigurations = (
				B0E36A011D15A9D700AD96F6 /* Debug */,
				B0E36A021D15A9D700AD96F6 /* Release */,
			);
			defaultConfigurationIsVisible = 0;
			defaultConfigurationName = Release;
		};
		B0E36A031D15A9D700AD96F6 /* Build configuration list for PBXNativeTarget "SimpleTODOUITests" */ = {
			isa = XCConfigurationList;
			buildConfigurations = (
				B0E36A041D15A9D700AD96F6 /* Debug */,
				B0E36A051D15A9D700AD96F6 /* Release */,
			);
			defaultConfigurationIsVisible = 0;
			defaultConfigurationName = Release;
		};
/* End XCConfigurationList section */

/* Begin XCVersionGroup section */
		B0E369DC1D15A9D700AD96F6 /* SimpleTODO.xcdatamodeld */ = {
			isa = XCVersionGroup;
			children = (
				B0E369DD1D15A9D700AD96F6 /* SimpleTODO.xcdatamodel */,
			);
			currentVersion = B0E369DD1D15A9D700AD96F6 /* SimpleTODO.xcdatamodel */;
			path = SimpleTODO.xcdatamodeld;
			sourceTree = "<group>";
			versionGroupType = wrapper.xcdatamodel;
		};
/* End XCVersionGroup section */
	};
	rootObject = B0E369C51D15A9D700AD96F6 /* Project object */;
}
